
Microsoft Visual Studio Solution File, Format Version 12.00
# Visual Studio Version 17
VisualStudioVersion = 17.5.33516.290
MinimumVisualStudioVersion = 10.0.40219.1
Project("{8BC9CEB8-8B4A-11D0-8D11-00A0C91BC942}") = "队列", "队列.vcxproj", "{39FF2010-D1E9-44B9-969B-85C4D89E2DC3}"
EndProject
Global
	GlobalSection(SolutionConfigurationPlatforms) = preSolution
		Debug|x64 = Debug|x64
		Debug|x86 = Debug|x86
		Release|x64 = Release|x64
		Release|x86 = Release|x86
	EndGlobalSection
	GlobalSection(ProjectConfigurationPlatforms) = postSolution
		{39FF2010-D1E9-44B9-969B-85C4D89E2DC3}.Debug|x64.ActiveCfg = Debug|x64
		{39FF2010-D1E9-44B9-969B-85C4D89E2DC3}.Debug|x64.Build.0 = Debug|x64
		{39FF2010-D1E9-44B9-969B-85C4D89E2DC3}.Debug|x86.ActiveCfg = Debug|Win32
		{39FF2010-D1E9-44B9-969B-85C4D89E2DC3}.Debug|x86.Build.0 = Debug|Win32
		{39FF2010-D1E9-44B9-969B-85C4D89E2DC3}.Release|x64.ActiveCfg = Release|x64
		{39FF2010-D1E9-44B9-969B-85C4D89E2DC3}.Release|x64.Build.0 = Release|x64
		{39FF2010-D1E9-44B9-969B-85C4D89E2DC3}.Release|x86.ActiveCfg = Release|Win32
		{39FF2010-D1E9-44B9-969B-85C4D89E2DC3}.Release|x86.Build.0 = Release|Win32
	EndGlobalSection
	GlobalSection(SolutionProperties) = preSolution
		HideSolutionNode = FALSE
	EndGlobalSection
	GlobalSection(ExtensibilityGlobals) = postSolution
		SolutionGuid = {795A086C-A938-446A-A60B-1FBD1BD2A508}
	EndGlobalSection
EndGlobal
