
Microsoft Visual Studio Solution File, Format Version 12.00
# Visual Studio Version 17
VisualStudioVersion = 17.5.33516.290
MinimumVisualStudioVersion = 10.0.40219.1
Project("{8BC9CEB8-8B4A-11D0-8D11-00A0C91BC942}") = "双链表", "双链表.vcxproj", "{EDEEC98A-0BBB-42DE-98D6-BEDECB570C72}"
EndProject
Global
	GlobalSection(SolutionConfigurationPlatforms) = preSolution
		Debug|x64 = Debug|x64
		Debug|x86 = Debug|x86
		Release|x64 = Release|x64
		Release|x86 = Release|x86
	EndGlobalSection
	GlobalSection(ProjectConfigurationPlatforms) = postSolution
		{EDEEC98A-0BBB-42DE-98D6-BEDECB570C72}.Debug|x64.ActiveCfg = Debug|x64
		{EDEEC98A-0BBB-42DE-98D6-BEDECB570C72}.Debug|x64.Build.0 = Debug|x64
		{EDEEC98A-0BBB-42DE-98D6-BEDECB570C72}.Debug|x86.ActiveCfg = Debug|Win32
		{EDEEC98A-0BBB-42DE-98D6-BEDECB570C72}.Debug|x86.Build.0 = Debug|Win32
		{EDEEC98A-0BBB-42DE-98D6-BEDECB570C72}.Release|x64.ActiveCfg = Release|x64
		{EDEEC98A-0BBB-42DE-98D6-BEDECB570C72}.Release|x64.Build.0 = Release|x64
		{EDEEC98A-0BBB-42DE-98D6-BEDECB570C72}.Release|x86.ActiveCfg = Release|Win32
		{EDEEC98A-0BBB-42DE-98D6-BEDECB570C72}.Release|x86.Build.0 = Release|Win32
	EndGlobalSection
	GlobalSection(SolutionProperties) = preSolution
		HideSolutionNode = FALSE
	EndGlobalSection
	GlobalSection(ExtensibilityGlobals) = postSolution
		SolutionGuid = {3FAEEEA5-CB1D-47D7-A7D3-27E267B0D374}
	EndGlobalSection
EndGlobal
