
Microsoft Visual Studio Solution File, Format Version 12.00
# Visual Studio Version 17
VisualStudioVersion = 17.5.33516.290
MinimumVisualStudioVersion = 10.0.40219.1
Project("{8BC9CEB8-8B4A-11D0-8D11-00A0C91BC942}") = "链式栈", "链式栈.vcxproj", "{11797745-126B-4EA6-8BFF-969DD535B7F5}"
EndProject
Global
	GlobalSection(SolutionConfigurationPlatforms) = preSolution
		Debug|x64 = Debug|x64
		Debug|x86 = Debug|x86
		Release|x64 = Release|x64
		Release|x86 = Release|x86
	EndGlobalSection
	GlobalSection(ProjectConfigurationPlatforms) = postSolution
		{11797745-126B-4EA6-8BFF-969DD535B7F5}.Debug|x64.ActiveCfg = Debug|x64
		{11797745-126B-4EA6-8BFF-969DD535B7F5}.Debug|x64.Build.0 = Debug|x64
		{11797745-126B-4EA6-8BFF-969DD535B7F5}.Debug|x86.ActiveCfg = Debug|Win32
		{11797745-126B-4EA6-8BFF-969DD535B7F5}.Debug|x86.Build.0 = Debug|Win32
		{11797745-126B-4EA6-8BFF-969DD535B7F5}.Release|x64.ActiveCfg = Release|x64
		{11797745-126B-4EA6-8BFF-969DD535B7F5}.Release|x64.Build.0 = Release|x64
		{11797745-126B-4EA6-8BFF-969DD535B7F5}.Release|x86.ActiveCfg = Release|Win32
		{11797745-126B-4EA6-8BFF-969DD535B7F5}.Release|x86.Build.0 = Release|Win32
	EndGlobalSection
	GlobalSection(SolutionProperties) = preSolution
		HideSolutionNode = FALSE
	EndGlobalSection
	GlobalSection(ExtensibilityGlobals) = postSolution
		SolutionGuid = {7F2793CF-CDF7-4615-A05F-AB4C8DDBE123}
	EndGlobalSection
EndGlobal
